// !$*UTF8*$!
{
	archiveVersion = 1;
	classes = {
	};
	objectVersion = 56;
	objects = {

/* Begin PBXBuildFile section */
		FF24E7A829B0D45600EB0D70 /* AppDelegate.swift in Sources */ = {isa = PBXBuildFile; fileRef = FF24E7A729B0D45600EB0D70 /* AppDelegate.swift */; };
		FF24E7AA29B0D45600EB0D70 /* SceneDelegate.swift in Sources */ = {isa = PBXBuildFile; fileRef = FF24E7A929B0D45600EB0D70 /* SceneDelegate.swift */; };
		FF24E7AC29B0D45600EB0D70 /* ViewController.swift in Sources */ = {isa = PBXBuildFile; fileRef = FF24E7AB29B0D45600EB0D70 /* ViewController.swift */; };
		FF24E7AF29B0D45600EB0D70 /* Main.storyboard in Resources */ = {isa = PBXBuildFile; fileRef = FF24E7AD29B0D45600EB0D70 /* Main.storyboard */; };
		FF24E7B129B0D45600EB0D70 /* Assets.xcassets in Resources */ = {isa = PBXBuildFile; fileRef = FF24E7B029B0D45600EB0D70 /* Assets.xcassets */; };
		FF24E7B429B0D45600EB0D70 /* LaunchScreen.storyboard in Resources */ = {isa = PBXBuildFile; fileRef = FF24E7B229B0D45600EB0D70 /* LaunchScreen.storyboard */; };
		FF24E7BF29B0D45700EB0D70 /* LocationLoggerTests.swift in Sources */ = {isa = PBXBuildFile; fileRef = FF24E7BE29B0D45700EB0D70 /* LocationLoggerTests.swift */; };
		FF24E7C929B0D45700EB0D70 /* LocationLoggerUITests.swift in Sources */ = {isa = PBXBuildFile; fileRef = FF24E7C829B0D45700EB0D70 /* LocationLoggerUITests.swift */; };
		FF24E7CB29B0D45700EB0D70 /* LocationLoggerUITestsLaunchTests.swift in Sources */ = {isa = PBXBuildFile; fileRef = FF24E7CA29B0D45700EB0D70 /* LocationLoggerUITestsLaunchTests.swift */; };
/* End PBXBuildFile section */

/* Begin PBXContainerItemProxy section */
		FF24E7BB29B0D45700EB0D70 /* PBXContainerItemProxy */ = {
			isa = PBXContainerItemProxy;
			containerPortal = FF24E79C29B0D45500EB0D70 /* Project object */;
			proxyType = 1;
			remoteGlobalIDString = FF24E7A329B0D45500EB0D70;
			remoteInfo = LocationLogger;
		};
		FF24E7C529B0D45700EB0D70 /* PBXContainerItemProxy */ = {
			isa = PBXContainerItemProxy;
			containerPortal = FF24E79C29B0D45500EB0D70 /* Project object */;
			proxyType = 1;
			remoteGlobalIDString = FF24E7A329B0D45500EB0D70;
			remoteInfo = LocationLogger;
		};
/* End PBXContainerItemProxy section */

/* Begin PBXFileReference section */
		FF24E7A429B0D45500EB0D70 /* LocationLogger.app */ = {isa = PBXFileReference; explicitFileType = wrapper.application; includeInIndex = 0; path = LocationLogger.app; sourceTree = BUILT_PRODUCTS_DIR; };
		FF24E7A729B0D45600EB0D70 /* AppDelegate.swift */ = {isa = PBXFileReference; lastKnownFileType = sourcecode.swift; path = AppDelegate.swift; sourceTree = "<group>"; };
		FF24E7A929B0D45600EB0D70 /* SceneDelegate.swift */ = {isa = PBXFileReference; lastKnownFileType = sourcecode.swift; path = SceneDelegate.swift; sourceTree = "<group>"; };
		FF24E7AB29B0D45600EB0D70 /* ViewController.swift */ = {isa = PBXFileReference; lastKnownFileType = sourcecode.swift; path = ViewController.swift; sourceTree = "<group>"; };
		FF24E7AE29B0D45600EB0D70 /* Base */ = {isa = PBXFileReference; lastKnownFileType = file.storyboard; name = Base; path = Base.lproj/Main.storyboard; sourceTree = "<group>"; };
		FF24E7B029B0D45600EB0D70 /* Assets.xcassets */ = {isa = PBXFileReference; lastKnownFileType = folder.assetcatalog; path = Assets.xcassets; sourceTree = "<group>"; };
		FF24E7B329B0D45600EB0D70 /* Base */ = {isa = PBXFileReference; lastKnownFileType = file.storyboard; name = Base; path = Base.lproj/LaunchScreen.storyboard; sourceTree = "<group>"; };
		FF24E7B529B0D45700EB0D70 /* Info.plist */ = {isa = PBXFileReference; lastKnownFileType = text.plist.xml; path = Info.plist; sourceTree = "<group>"; };
		FF24E7BA29B0D45700EB0D70 /* LocationLoggerTests.xctest */ = {isa = PBXFileReference; explicitFileType = wrapper.cfbundle; includeInIndex = 0; path = LocationLoggerTests.xctest; sourceTree = BUILT_PRODUCTS_DIR; };
		FF24E7BE29B0D45700EB0D70 /* LocationLoggerTests.swift */ = {isa = PBXFileReference; lastKnownFileType = sourcecode.swift; path = LocationLoggerTests.swift; sourceTree = "<group>"; };
		FF24E7C429B0D45700EB0D70 /* LocationLoggerUITests.xctest */ = {isa = PBXFileReference; explicitFileType = wrapper.cfbundle; includeInIndex = 0; path = LocationLoggerUITests.xctest; sourceTree = BUILT_PRODUCTS_DIR; };
		FF24E7C829B0D45700EB0D70 /* LocationLoggerUITests.swift */ = {isa = PBXFileReference; lastKnownFileType = sourcecode.swift; path = LocationLoggerUITests.swift; sourceTree = "<group>"; };
		FF24E7CA29B0D45700EB0D70 /* LocationLoggerUITestsLaunchTests.swift */ = {isa = PBXFileReference; lastKnownFileType = sourcecode.swift; path = LocationLoggerUITestsLaunchTests.swift; sourceTree = "<group>"; };
/* End PBXFileReference section */

/* Begin PBXFrameworksBuildPhase section */
		FF24E7A129B0D45500EB0D70 /* Frameworks */ = {
			isa = PBXFrameworksBuildPhase;
			buildActionMask = 2147483647;
			files = (
			);
			runOnlyForDeploymentPostprocessing = 0;
		};
		FF24E7B729B0D45700EB0D70 /* Frameworks */ = {
			isa = PBXFrameworksBuildPhase;
			buildActionMask = 2147483647;
			files = (
			);
			runOnlyForDeploymentPostprocessing = 0;
		};
		FF24E7C129B0D45700EB0D70 /* Frameworks */ = {
			isa = PBXFrameworksBuildPhase;
			buildActionMask = 2147483647;
			files = (
			);
			runOnlyForDeploymentPostprocessing = 0;
		};
/* End PBXFrameworksBuildPhase section */

/* Begin PBXGroup section */
		FF24E79B29B0D45500EB0D70 = {
			isa = PBXGroup;
			children = (
				FF24E7A629B0D45500EB0D70 /* LocationLogger */,
				FF24E7BD29B0D45700EB0D70 /* LocationLoggerTests */,
				FF24E7C729B0D45700EB0D70 /* LocationLoggerUITests */,
				FF24E7A529B0D45500EB0D70 /* Products */,
			);
			sourceTree = "<group>";
		};
		FF24E7A529B0D45500EB0D70 /* Products */ = {
			isa = PBXGroup;
			children = (
				FF24E7A429B0D45500EB0D70 /* LocationLogger.app */,
				FF24E7BA29B0D45700EB0D70 /* LocationLoggerTests.xctest */,
				FF24E7C429B0D45700EB0D70 /* LocationLoggerUITests.xctest */,
			);
			name = Products;
			sourceTree = "<group>";
		};
		FF24E7A629B0D45500EB0D70 /* LocationLogger */ = {
			isa = PBXGroup;
			children = (
				FF24E7A729B0D45600EB0D70 /* AppDelegate.swift */,
				FF24E7A929B0D45600EB0D70 /* SceneDelegate.swift */,
				FF24E7AB29B0D45600EB0D70 /* ViewController.swift */,
				FF24E7AD29B0D45600EB0D70 /* Main.storyboard */,
				FF24E7B029B0D45600EB0D70 /* Assets.xcassets */,
				FF24E7B229B0D45600EB0D70 /* LaunchScreen.storyboard */,
				FF24E7B529B0D45700EB0D70 /* Info.plist */,
			);
			path = LocationLogger;
			sourceTree = "<group>";
		};
		FF24E7BD29B0D45700EB0D70 /* LocationLoggerTests */ = {
			isa = PBXGroup;
			children = (
				FF24E7BE29B0D45700EB0D70 /* LocationLoggerTests.swift */,
			);
			path = LocationLoggerTests;
			sourceTree = "<group>";
		};
		FF24E7C729B0D45700EB0D70 /* LocationLoggerUITests */ = {
			isa = PBXGroup;
			children = (
				FF24E7C829B0D45700EB0D70 /* LocationLoggerUITests.swift */,
				FF24E7CA29B0D45700EB0D70 /* LocationLoggerUITestsLaunchTests.swift */,
			);
			path = LocationLoggerUITests;
			sourceTree = "<group>";
		};
/* End PBXGroup section */

/* Begin PBXNativeTarget section */
		FF24E7A329B0D45500EB0D70 /* LocationLogger */ = {
			isa = PBXNativeTarget;
			buildConfigurationList = FF24E7CE29B0D45700EB0D70 /* Build configuration list for PBXNativeTarget "LocationLogger" */;
			buildPhases = (
				FF24E7A029B0D45500EB0D70 /* Sources */,
				FF24E7A129B0D45500EB0D70 /* Frameworks */,
				FF24E7A229B0D45500EB0D70 /* Resources */,
			);
			buildRules = (
			);
			dependencies = (
			);
			name = LocationLogger;
			productName = LocationLogger;
			productReference = FF24E7A429B0D45500EB0D70 /* LocationLogger.app */;
			productType = "com.apple.product-type.application";
		};
		FF24E7B929B0D45700EB0D70 /* LocationLoggerTests */ = {
			isa = PBXNativeTarget;
			buildConfigurationList = FF24E7D129B0D45700EB0D70 /* Build configuration list for PBXNativeTarget "LocationLoggerTests" */;
			buildPhases = (
				FF24E7B629B0D45700EB0D70 /* Sources */,
				FF24E7B729B0D45700EB0D70 /* Frameworks */,
				FF24E7B829B0D45700EB0D70 /* Resources */,
			);
			buildRules = (
			);
			dependencies = (
				FF24E7BC29B0D45700EB0D70 /* PBXTargetDependency */,
			);
			name = LocationLoggerTests;
			productName = LocationLoggerTests;
			productReference = FF24E7BA29B0D45700EB0D70 /* LocationLoggerTests.xctest */;
			productType = "com.apple.product-type.bundle.unit-test";
		};
		FF24E7C329B0D45700EB0D70 /* LocationLoggerUITests */ = {
			isa = PBXNativeTarget;
			buildConfigurationList = FF24E7D429B0D45700EB0D70 /* Build configuration list for PBXNativeTarget "LocationLoggerUITests" */;
			buildPhases = (
				FF24E7C029B0D45700EB0D70 /* Sources */,
				FF24E7C129B0D45700EB0D70 /* Frameworks */,
				FF24E7C229B0D45700EB0D70 /* Resources */,
			);
			buildRules = (
			);
			dependencies = (
				FF24E7C629B0D45700EB0D70 /* PBXTargetDependency */,
			);
			name = LocationLoggerUITests;
			productName = LocationLoggerUITests;
			productReference = FF24E7C429B0D45700EB0D70 /* LocationLoggerUITests.xctest */;
			productType = "com.apple.product-type.bundle.ui-testing";
		};
/* End PBXNativeTarget section */

/* Begin PBXProject section */
		FF24E79C29B0D45500EB0D70 /* Project object */ = {
			isa = PBXProject;
			attributes = {
				BuildIndependentTargetsInParallel = 1;
				LastSwiftUpdateCheck = 1420;
				LastUpgradeCheck = 1420;
				TargetAttributes = {
					FF24E7A329B0D45500EB0D70 = {
						CreatedOnToolsVersion = 14.2;
					};
					FF24E7B929B0D45700EB0D70 = {
						CreatedOnToolsVersion = 14.2;
						TestTargetID = FF24E7A329B0D45500EB0D70;
					};
					FF24E7C329B0D45700EB0D70 = {
						CreatedOnToolsVersion = 14.2;
						TestTargetID = FF24E7A329B0D45500EB0D70;
					};
				};
			};
			buildConfigurationList = FF24E79F29B0D45500EB0D70 /* Build configuration list for PBXProject "LocationLogger" */;
			compatibilityVersion = "Xcode 14.0";
			developmentRegion = en;
			hasScannedForEncodings = 0;
			knownRegions = (
				en,
				Base,
			);
			mainGroup = FF24E79B29B0D45500EB0D70;
			productRefGroup = FF24E7A529B0D45500EB0D70 /* Products */;
			projectDirPath = "";
			projectRoot = "";
			targets = (
				FF24E7A329B0D45500EB0D70 /* LocationLogger */,
				FF24E7B929B0D45700EB0D70 /* LocationLoggerTests */,
				FF24E7C329B0D45700EB0D70 /* LocationLoggerUITests */,
			);
		};
/* End PBXProject section */

/* Begin PBXResourcesBuildPhase section */
		FF24E7A229B0D45500EB0D70 /* Resources */ = {
			isa = PBXResourcesBuildPhase;
			buildActionMask = 2147483647;
			files = (
				FF24E7B429B0D45600EB0D70 /* LaunchScreen.storyboard in Resources */,
				FF24E7B129B0D45600EB0D70 /* Assets.xcassets in Resources */,
				FF24E7AF29B0D45600EB0D70 /* Main.storyboard in Resources */,
			);
			runOnlyForDeploymentPostprocessing = 0;
		};
		FF24E7B829B0D45700EB0D70 /* Resources */ = {
			isa = PBXResourcesBuildPhase;
			buildActionMask = 2147483647;
			files = (
			);
			runOnlyForDeploymentPostprocessing = 0;
		};
		FF24E7C229B0D45700EB0D70 /* Resources */ = {
			isa = PBXResourcesBuildPhase;
			buildActionMask = 2147483647;
			files = (
			);
			runOnlyForDeploymentPostprocessing = 0;
		};
/* End PBXResourcesBuildPhase section */

/* Begin PBXSourcesBuildPhase section */
		FF24E7A029B0D45500EB0D70 /* Sources */ = {
			isa = PBXSourcesBuildPhase;
			buildActionMask = 2147483647;
			files = (
				FF24E7AC29B0D45600EB0D70 /* ViewController.swift in Sources */,
				FF24E7A829B0D45600EB0D70 /* AppDelegate.swift in Sources */,
				FF24E7AA29B0D45600EB0D70 /* SceneDelegate.swift in Sources */,
			);
			runOnlyForDeploymentPostprocessing = 0;
		};
		FF24E7B629B0D45700EB0D70 /* Sources */ = {
			isa = PBXSourcesBuildPhase;
			buildActionMask = 2147483647;
			files = (
				FF24E7BF29B0D45700EB0D70 /* LocationLoggerTests.swift in Sources */,
			);
			runOnlyForDeploymentPostprocessing = 0;
		};
		FF24E7C029B0D45700EB0D70 /* Sources */ = {
			isa = PBXSourcesBuildPhase;
			buildActionMask = 2147483647;
			files = (
				FF24E7C929B0D45700EB0D70 /* LocationLoggerUITests.swift in Sources */,
				FF24E7CB29B0D45700EB0D70 /* LocationLoggerUITestsLaunchTests.swift in Sources */,
			);
			runOnlyForDeploymentPostprocessing = 0;
		};
/* End PBXSourcesBuildPhase section */

/* Begin PBXTargetDependency section */
		FF24E7BC29B0D45700EB0D70 /* PBXTargetDependency */ = {
			isa = PBXTargetDependency;
			target = FF24E7A329B0D45500EB0D70 /* LocationLogger */;
			targetProxy = FF24E7BB29B0D45700EB0D70 /* PBXContainerItemProxy */;
		};
		FF24E7C629B0D45700EB0D70 /* PBXTargetDependency */ = {
			isa = PBXTargetDependency;
			target = FF24E7A329B0D45500EB0D70 /* LocationLogger */;
			targetProxy = FF24E7C529B0D45700EB0D70 /* PBXContainerItemProxy */;
		};
/* End PBXTargetDependency section */

/* Begin PBXVariantGroup section */
		FF24E7AD29B0D45600EB0D70 /* Main.storyboard */ = {
			isa = PBXVariantGroup;
			children = (
				FF24E7AE29B0D45600EB0D70 /* Base */,
			);
			name = Main.storyboard;
			sourceTree = "<group>";
		};
		FF24E7B229B0D45600EB0D70 /* LaunchScreen.storyboard */ = {
			isa = PBXVariantGroup;
			children = (
				FF24E7B329B0D45600EB0D70 /* Base */,
			);
			name = LaunchScreen.storyboard;
			sourceTree = "<group>";
		};
/* End PBXVariantGroup section */

/* Begin XCBuildConfiguration section */
		FF24E7CC29B0D45700EB0D70 /* Debug */ = {
			isa = XCBuildConfiguration;
			buildSettings = {
				ALWAYS_SEARCH_USER_PATHS = NO;
				CLANG_ANALYZER_NONNULL = YES;
				CLANG_ANALYZER_NUMBER_OBJECT_CONVERSION = YES_AGGRESSIVE;
				CLANG_CXX_LANGUAGE_STANDARD = "gnu++20";
				CLANG_ENABLE_MODULES = YES;
				CLANG_ENABLE_OBJC_ARC = YES;
				CLANG_ENABLE_OBJC_WEAK = YES;
				CLANG_WARN_BLOCK_CAPTURE_AUTORELEASING = YES;
				CLANG_WARN_BOOL_CONVERSION = YES;
				CLANG_WARN_COMMA = YES;
				CLANG_WARN_CONSTANT_CONVERSION = YES;
				CLANG_WARN_DEPRECATED_OBJC_IMPLEMENTATIONS = YES;
				CLANG_WARN_DIRECT_OBJC_ISA_USAGE = YES_ERROR;
				CLANG_WARN_DOCUMENTATION_COMMENTS = YES;
				CLANG_WARN_EMPTY_BODY = YES;
				CLANG_WARN_ENUM_CONVERSION = YES;
				CLANG_WARN_INFINITE_RECURSION = YES;
				CLANG_WARN_INT_CONVERSION = YES;
				CLANG_WARN_NON_LITERAL_NULL_CONVERSION = YES;
				CLANG_WARN_OBJC_IMPLICIT_RETAIN_SELF = YES;
				CLANG_WARN_OBJC_LITERAL_CONVERSION = YES;
				CLANG_WARN_OBJC_ROOT_CLASS = YES_ERROR;
				CLANG_WARN_QUOTED_INCLUDE_IN_FRAMEWORK_HEADER = YES;
				CLANG_WARN_RANGE_LOOP_ANALYSIS = YES;
				CLANG_WARN_STRICT_PROTOTYPES = YES;
				CLANG_WARN_SUSPICIOUS_MOVE = YES;
				CLANG_WARN_UNGUARDED_AVAILABILITY = YES_AGGRESSIVE;
				CLANG_WARN_UNREACHABLE_CODE = YES;
				CLANG_WARN__DUPLICATE_METHOD_MATCH = YES;
				COPY_PHASE_STRIP = NO;
				DEBUG_INFORMATION_FORMAT = dwarf;
				ENABLE_STRICT_OBJC_MSGSEND = YES;
				ENABLE_TESTABILITY = YES;
				GCC_C_LANGUAGE_STANDARD = gnu11;
				GCC_DYNAMIC_NO_PIC = NO;
				GCC_NO_COMMON_BLOCKS = YES;
				GCC_OPTIMIZATION_LEVEL = 0;
				GCC_PREPROCESSOR_DEFINITIONS = (
					"DEBUG=1",
					"$(inherited)",
				);
				GCC_WARN_64_TO_32_BIT_CONVERSION = YES;
				GCC_WARN_ABOUT_RETURN_TYPE = YES_ERROR;
				GCC_WARN_UNDECLARED_SELECTOR = YES;
				GCC_WARN_UNINITIALIZED_AUTOS = YES_AGGRESSIVE;
				GCC_WARN_UNUSED_FUNCTION = YES;
				GCC_WARN_UNUSED_VARIABLE = YES;
				IPHONEOS_DEPLOYMENT_TARGET = 16.2;
				MTL_ENABLE_DEBUG_INFO = INCLUDE_SOURCE;
				MTL_FAST_MATH = YES;
				ONLY_ACTIVE_ARCH = YES;
				SDKROOT = iphoneos;
				SWIFT_ACTIVE_COMPILATION_CONDITIONS = DEBUG;
				SWIFT_OPTIMIZATION_LEVEL = "-Onone";
			};
			name = Debug;
		};
		FF24E7CD29B0D45700EB0D70 /* Release */ = {
			isa = XCBuildConfiguration;
			buildSettings = {
				ALWAYS_SEARCH_USER_PATHS = NO;
				CLANG_ANALYZER_NONNULL = YES;
				CLANG_ANALYZER_NUMBER_OBJECT_CONVERSION = YES_AGGRESSIVE;
				CLANG_CXX_LANGUAGE_STANDARD = "gnu++20";
				CLANG_ENABLE_MODULES = YES;
				CLANG_ENABLE_OBJC_ARC = YES;
				CLANG_ENABLE_OBJC_WEAK = YES;
				CLANG_WARN_BLOCK_CAPTURE_AUTORELEASING = YES;
				CLANG_WARN_BOOL_CONVERSION = YES;
				CLANG_WARN_COMMA = YES;
				CLANG_WARN_CONSTANT_CONVERSION = YES;
				CLANG_WARN_DEPRECATED_OBJC_IMPLEMENTATIONS = YES;
				CLANG_WARN_DIRECT_OBJC_ISA_USAGE = YES_ERROR;
				CLANG_WARN_DOCUMENTATION_COMMENTS = YES;
				CLANG_WARN_EMPTY_BODY = YES;
				CLANG_WARN_ENUM_CONVERSION = YES;
				CLANG_WARN_INFINITE_RECURSION = YES;
				CLANG_WARN_INT_CONVERSION = YES;
				CLANG_WARN_NON_LITERAL_NULL_CONVERSION = YES;
				CLANG_WARN_OBJC_IMPLICIT_RETAIN_SELF = YES;
				CLANG_WARN_OBJC_LITERAL_CONVERSION = YES;
				CLANG_WARN_OBJC_ROOT_CLASS = YES_ERROR;
				CLANG_WARN_QUOTED_INCLUDE_IN_FRAMEWORK_HEADER = YES;
				CLANG_WARN_RANGE_LOOP_ANALYSIS = YES;
				CLANG_WARN_STRICT_PROTOTYPES = YES;
				CLANG_WARN_SUSPICIOUS_MOVE = YES;
				CLANG_WARN_UNGUARDED_AVAILABILITY = YES_AGGRESSIVE;
				CLANG_WARN_UNREACHABLE_CODE = YES;
				CLANG_WARN__DUPLICATE_METHOD_MATCH = YES;
				COPY_PHASE_STRIP = NO;
				DEBUG_INFORMATION_FORMAT = "dwarf-with-dsym";
				ENABLE_NS_ASSERTIONS = NO;
				ENABLE_STRICT_OBJC_MSGSEND = YES;
				GCC_C_LANGUAGE_STANDARD = gnu11;
				GCC_NO_COMMON_BLOCKS = YES;
				GCC_WARN_64_TO_32_BIT_CONVERSION = YES;
				GCC_WARN_ABOUT_RETURN_TYPE = YES_ERROR;
				GCC_WARN_UNDECLARED_SELECTOR = YES;
				GCC_WARN_UNINITIALIZED_AUTOS = YES_AGGRESSIVE;
				GCC_WARN_UNUSED_FUNCTION = YES;
				GCC_WARN_UNUSED_VARIABLE = YES;
				IPHONEOS_DEPLOYMENT_TARGET = 16.2;
				MTL_ENABLE_DEBUG_INFO = NO;
				MTL_FAST_MATH = YES;
				SDKROOT = iphoneos;
				SWIFT_COMPILATION_MODE = wholemodule;
				SWIFT_OPTIMIZATION_LEVEL = "-O";
				VALIDATE_PRODUCT = YES;
			};
			name = Release;
		};
		FF24E7CF29B0D45700EB0D70 /* Debug */ = {
			isa = XCBuildConfiguration;
			buildSettings = {
				ASSETCATALOG_COMPILER_APPICON_NAME = AppIcon;
				ASSETCATALOG_COMPILER_GLOBAL_ACCENT_COLOR_NAME = AccentColor;
				CODE_SIGN_STYLE = Automatic;
				CURRENT_PROJECT_VERSION = 1;
				DEVELOPMENT_TEAM = Z324H49KH6;
				GENERATE_INFOPLIST_FILE = YES;
				INFOPLIST_FILE = LocationLogger/Info.plist;
				INFOPLIST_KEY_NSLocationWhenInUseUsageDescription = "";
				INFOPLIST_KEY_NSMotionUsageDescription = "";
				INFOPLIST_KEY_UIApplicationSupportsIndirectInputEvents = YES;
				INFOPLIST_KEY_UILaunchStoryboardName = LaunchScreen;
				INFOPLIST_KEY_UIMainStoryboardFile = Main;
				INFOPLIST_KEY_UISupportedInterfaceOrientations_iPad = "UIInterfaceOrientationPortrait UIInterfaceOrientationPortraitUpsideDown UIInterfaceOrientationLandscapeLeft UIInterfaceOrientationLandscapeRight";
				INFOPLIST_KEY_UISupportedInterfaceOrientations_iPhone = "UIInterfaceOrientationPortrait UIInterfaceOrientationLandscapeLeft UIInterfaceOrientationLandscapeRight";
				LD_RUNPATH_SEARCH_PATHS = (
					"$(inherited)",
					"@executable_path/Frameworks",
				);
				MARKETING_VERSION = 1.0;
				PRODUCT_BUNDLE_IDENTIFIER = "org.eis-lab.LocationLogger";
				PRODUCT_NAME = "$(TARGET_NAME)";
				SWIFT_EMIT_LOC_STRINGS = YES;
				SWIFT_VERSION = 5.0;
				TARGETED_DEVICE_FAMILY = "1,2";
			};
			name = Debug;
		};
		FF24E7D029B0D45700EB0D70 /* Release */ = {
			isa = XCBuildConfiguration;
			buildSettings = {
				ASSETCATALOG_COMPILER_APPICON_NAME = AppIcon;
				ASSETCATALOG_COMPILER_GLOBAL_ACCENT_COLOR_NAME = AccentColor;
				CODE_SIGN_STYLE = Automatic;
				CURRENT_PROJECT_VERSION = 1;
				DEVELOPMENT_TEAM = Z324H49KH6;
				GENERATE_INFOPLIST_FILE = YES;
				INFOPLIST_FILE = LocationLogger/Info.plist;
				INFOPLIST_KEY_NSLocationWhenInUseUsageDescription = "";
				INFOPLIST_KEY_NSMotionUsageDescription = "";
				INFOPLIST_KEY_UIApplicationSupportsIndirectInputEvents = YES;
				INFOPLIST_KEY_UILaunchStoryboardName = LaunchScreen;
				INFOPLIST_KEY_UIMainStoryboardFile = Main;
				INFOPLIST_KEY_UISupportedInterfaceOrientations_iPad = "UIInterfaceOrientationPortrait UIInterfaceOrientationPortraitUpsideDown UIInterfaceOrientationLandscapeLeft UIInterfaceOrientationLandscapeRight";
				INFOPLIST_KEY_UISupportedInterfaceOrientations_iPhone = "UIInterfaceOrientationPortrait UIInterfaceOrientationLandscapeLeft UIInterfaceOrientationLandscapeRight";
				LD_RUNPATH_SEARCH_PATHS = (
					"$(inherited)",
					"@executable_path/Frameworks",
				);
				MARKETING_VERSION = 1.0;
				PRODUCT_BUNDLE_IDENTIFIER = "org.eis-lab.LocationLogger";
				PRODUCT_NAME = "$(TARGET_NAME)";
				SWIFT_EMIT_LOC_STRINGS = YES;
				SWIFT_VERSION = 5.0;
				TARGETED_DEVICE_FAMILY = "1,2";
			};
			name = Release;
		};
		FF24E7D229B0D45700EB0D70 /* Debug */ = {
			isa = XCBuildConfiguration;
			buildSettings = {
				ALWAYS_EMBED_SWIFT_STANDARD_LIBRARIES = YES;
				BUNDLE_LOADER = "$(TEST_HOST)";
				CODE_SIGN_STYLE = Automatic;
				CURRENT_PROJECT_VERSION = 1;
				DEVELOPMENT_TEAM = Z324H49KH6;
				GENERATE_INFOPLIST_FILE = YES;
				IPHONEOS_DEPLOYMENT_TARGET = 16.2;
				MARKETING_VERSION = 1.0;
				PRODUCT_BUNDLE_IDENTIFIER = "org.eis-lab.LocationLoggerTests";
				PRODUCT_NAME = "$(TARGET_NAME)";
				SWIFT_EMIT_LOC_STRINGS = NO;
				SWIFT_VERSION = 5.0;
				TARGETED_DEVICE_FAMILY = "1,2";
				TEST_HOST = "$(BUILT_PRODUCTS_DIR)/LocationLogger.app/$(BUNDLE_EXECUTABLE_FOLDER_PATH)/LocationLogger";
			};
			name = Debug;
		};
		FF24E7D329B0D45700EB0D70 /* Release */ = {
			isa = XCBuildConfiguration;
			buildSettings = {
				ALWAYS_EMBED_SWIFT_STANDARD_LIBRARIES = YES;
				BUNDLE_LOADER = "$(TEST_HOST)";
				CODE_SIGN_STYLE = Automatic;
				CURRENT_PROJECT_VERSION = 1;
				DEVELOPMENT_TEAM = Z324H49KH6;
				GENERATE_INFOPLIST_FILE = YES;
				IPHONEOS_DEPLOYMENT_TARGET = 16.2;
				MARKETING_VERSION = 1.0;
				PRODUCT_BUNDLE_IDENTIFIER = "org.eis-lab.LocationLoggerTests";
				PRODUCT_NAME = "$(TARGET_NAME)";
				SWIFT_EMIT_LOC_STRINGS = NO;
				SWIFT_VERSION = 5.0;
				TARGETED_DEVICE_FAMILY = "1,2";
				TEST_HOST = "$(BUILT_PRODUCTS_DIR)/LocationLogger.app/$(BUNDLE_EXECUTABLE_FOLDER_PATH)/LocationLogger";
			};
			name = Release;
		};
		FF24E7D529B0D45700EB0D70 /* Debug */ = {
			isa = XCBuildConfiguration;
			buildSettings = {
				ALWAYS_EMBED_SWIFT_STANDARD_LIBRARIES = YES;
				CODE_SIGN_STYLE = Automatic;
				CURRENT_PROJECT_VERSION = 1;
				DEVELOPMENT_TEAM = Z324H49KH6;
				GENERATE_INFOPLIST_FILE = YES;
				MARKETING_VERSION = 1.0;
				PRODUCT_BUNDLE_IDENTIFIER = "org.eis-lab.LocationLoggerUITests";
				PRODUCT_NAME = "$(TARGET_NAME)";
				SWIFT_EMIT_LOC_STRINGS = NO;
				SWIFT_VERSION = 5.0;
				TARGETED_DEVICE_FAMILY = "1,2";
				TEST_TARGET_NAME = LocationLogger;
			};
			name = Debug;
		};
		FF24E7D629B0D45700EB0D70 /* Release */ = {
			isa = XCBuildConfiguration;
			buildSettings = {
				ALWAYS_EMBED_SWIFT_STANDARD_LIBRARIES = YES;
				CODE_SIGN_STYLE = Automatic;
				CURRENT_PROJECT_VERSION = 1;
				DEVELOPMENT_TEAM = Z324H49KH6;
				GENERATE_INFOPLIST_FILE = YES;
				MARKETING_VERSION = 1.0;
				PRODUCT_BUNDLE_IDENTIFIER = "org.eis-lab.LocationLoggerUITests";
				PRODUCT_NAME = "$(TARGET_NAME)";
				SWIFT_EMIT_LOC_STRINGS = NO;
				SWIFT_VERSION = 5.0;
				TARGETED_DEVICE_FAMILY = "1,2";
				TEST_TARGET_NAME = LocationLogger;
			};
			name = Release;
		};
/* End XCBuildConfiguration section */

/* Begin XCConfigurationList section */
		FF24E79F29B0D45500EB0D70 /* Build configuration list for PBXProject "LocationLogger" */ = {
			isa = XCConfigurationList;
			buildConfigurations = (
				FF24E7CC29B0D45700EB0D70 /* Debug */,
				FF24E7CD29B0D45700EB0D70 /* Release */,
			);
			defaultConfigurationIsVisible = 0;
			defaultConfigurationName = Release;
		};
		FF24E7CE29B0D45700EB0D70 /* Build configuration list for PBXNativeTarget "LocationLogger" */ = {
			isa = XCConfigurationList;
			buildConfigurations = (
				FF24E7CF29B0D45700EB0D70 /* Debug */,
				FF24E7D029B0D45700EB0D70 /* Release */,
			);
			defaultConfigurationIsVisible = 0;
			defaultConfigurationName = Release;
		};
		FF24E7D129B0D45700EB0D70 /* Build configuration list for PBXNativeTarget "LocationLoggerTests" */ = {
			isa = XCConfigurationList;
			buildConfigurations = (
				FF24E7D229B0D45700EB0D70 /* Debug */,
				FF24E7D329B0D45700EB0D70 /* Release */,
			);
			defaultConfigurationIsVisible = 0;
			defaultConfigurationName = Release;
		};
		FF24E7D429B0D45700EB0D70 /* Build configuration list for PBXNativeTarget "LocationLoggerUITests" */ = {
			isa = XCConfigurationList;
			buildConfigurations = (
				FF24E7D529B0D45700EB0D70 /* Debug */,
				FF24E7D629B0D45700EB0D70 /* Release */,
			);
			defaultConfigurationIsVisible = 0;
			defaultConfigurationName = Release;
		};
/* End XCConfigurationList section */
	};
	rootObject = FF24E79C29B0D45500EB0D70 /* Project object */;
}
